
Microsoft Visual Studio Solution File, Format Version 12.00
# Visual Studio Version 16
VisualStudioVersion = 16.0.29020.237
MinimumVisualStudioVersion = 10.0.40219.1
Project("{9A19103F-16F7-4668-BE54-9A1E7A4F7556}") = "AISmart.Domain", "src\AISmart.Domain\AISmart.Domain.csproj", "{554AD327-6DBA-4F8F-96F8-81CE7A0C863F}"
EndProject
Project("{9A19103F-16F7-4668-BE54-9A1E7A4F7556}") = "AISmart.Application", "src\AISmart.Application\AISmart.Application.csproj", "{1A94A50E-06DC-43C1-80B5-B662820EC3EB}"
EndProject
Project("{2150E333-8FDC-42A3-9474-1A3956D46DE8}") = "src", "src", "{CA9AC87F-097E-4F15-8393-4BC07735A5B0}"
EndProject
Project("{2150E333-8FDC-42A3-9474-1A3956D46DE8}") = "test", "test", "{04DBDB01-70F4-4E06-B468-8F87850B22BE}"
EndProject
Project("{9A19103F-16F7-4668-BE54-9A1E7A4F7556}") = "AISmart.Application.Tests", "test\AISmart.Application.Tests\AISmart.Application.Tests.csproj", "{50B2631D-129C-47B3-A587-029CCD6099BC}"
EndProject
Project("{9A19103F-16F7-4668-BE54-9A1E7A4F7556}") = "AISmart.MongoDB", "src\AISmart.MongoDB\AISmart.MongoDB.csproj", "{E3444355-D47E-431E-BDD0-DD3A7113B2AE}"
EndProject
Project("{9A19103F-16F7-4668-BE54-9A1E7A4F7556}") = "AISmart.Domain.Shared", "src\AISmart.Domain.Shared\AISmart.Domain.Shared.csproj", "{42F719ED-8413-4895-B5B4-5AB56079BC66}"
EndProject
Project("{9A19103F-16F7-4668-BE54-9A1E7A4F7556}") = "AISmart.Application.Contracts", "src\AISmart.Application.Contracts\AISmart.Application.Contracts.csproj", "{520659C8-C734-4298-A3DA-B539DB9DFC0B}"
EndProject
Project("{9A19103F-16F7-4668-BE54-9A1E7A4F7556}") = "AISmart.HttpApi", "src\AISmart.HttpApi\AISmart.HttpApi.csproj", "{4164BDF7-F527-4E85-9CE6-E3C2D7426A27}"
EndProject
Project("{9A19103F-16F7-4668-BE54-9A1E7A4F7556}") = "AISmart.HttpApi.Client", "src\AISmart.HttpApi.Client\AISmart.HttpApi.Client.csproj", "{3B5A0094-670D-4BB1-BFDD-61B88A8773DC}"
EndProject
Project("{9A19103F-16F7-4668-BE54-9A1E7A4F7556}") = "AISmart.TestBase", "test\AISmart.TestBase\AISmart.TestBase.csproj", "{91853F21-9CD9-4132-BC29-A7D5D84FFFE7}"
EndProject
Project("{9A19103F-16F7-4668-BE54-9A1E7A4F7556}") = "AISmart.Domain.Tests", "test\AISmart.Domain.Tests\AISmart.Domain.Tests.csproj", "{E512F4D9-9375-480F-A2F6-A46509F9D824}"
EndProject
Project("{9A19103F-16F7-4668-BE54-9A1E7A4F7556}") = "AISmart.MongoDB.Tests", "test\AISmart.MongoDB.Tests\AISmart.MongoDB.Tests.csproj", "{6015D17B-104B-4EC2-A9B7-D8A40C891458}"
EndProject
Project("{9A19103F-16F7-4668-BE54-9A1E7A4F7556}") = "AISmart.HttpApi.Client.ConsoleTestApp", "test\AISmart.HttpApi.Client.ConsoleTestApp\AISmart.HttpApi.Client.ConsoleTestApp.csproj", "{EF480016-9127-4916-8735-D2466BDBC582}"
EndProject
Project("{9A19103F-16F7-4668-BE54-9A1E7A4F7556}") = "AISmart.DbMigrator", "src\AISmart.DbMigrator\AISmart.DbMigrator.csproj", "{AA94D832-1CCC-4715-95A9-A483F23A1A5D}"
EndProject
Project("{9A19103F-16F7-4668-BE54-9A1E7A4F7556}") = "AISmart.HttpApi.Host", "src\AISmart.HttpApi.Host\AISmart.HttpApi.Host.csproj", "{748584B1-BA69-4F6A-81AA-F4BDE6BCE29D}"
EndProject
Project("{FAE04EC0-301F-11D3-BF4B-00C04F79EFBC}") = "AISmart.Silo", "src\AISmart.Silo\AISmart.Silo.csproj", "{613D08BD-1756-4862-BB11-9A06E5A11134}"
EndProject
Project("{FAE04EC0-301F-11D3-BF4B-00C04F79EFBC}") = "AISmart.Domain.Grains", "src\AISmart.Domain.Grains\AISmart.Domain.Grains.csproj", "{D4AC2F60-6A39-45F8-B21E-5DA2DA4596AF}"
EndProject
Project("{FAE04EC0-301F-11D3-BF4B-00C04F79EFBC}") = "AISmart.Application.Grains", "src\AISmart.Application.Grains\AISmart.Application.Grains.csproj", "{3B9806E6-3F8B-4200-B2A2-52DCE698D334}"
EndProject
Project("{FAE04EC0-301F-11D3-BF4B-00C04F79EFBC}") = "AISmart.Worker", "src\AISmart.Worker\AISmart.Worker.csproj", "{B2E02009-1254-4098-AB30-40682ECB80FF}"
EndProject
Project("{FAE04EC0-301F-11D3-BF4B-00C04F79EFBC}") = "AISmart.Orleans.TestBase", "test\AISmart.Orleans.TestBase\AISmart.Orleans.TestBase.csproj", "{3C0B0690-0E0F-464E-ACEF-FE46D2ADA54F}"
EndProject
Project("{FAE04EC0-301F-11D3-BF4B-00C04F79EFBC}") = "AISmart.GAgent.AElf", "src\AISmart.GAgent.AElf\AISmart.GAgent.AElf.csproj", "{DF51070F-0462-44B6-8A50-3270FBAAC230}"
EndProject
Project("{FAE04EC0-301F-11D3-BF4B-00C04F79EFBC}") = "AISmart.GAgent.Twitter", "src\AISmart.GAgent.Twitter\AISmart.GAgent.Twitter.csproj", "{FC90D79E-F03C-49F0-98DC-9AF61DA1BE19}"
EndProject
Project("{FAE04EC0-301F-11D3-BF4B-00C04F79EFBC}") = "AISmart.GAgent.Telegram", "src\AISmart.GAgent.Telegram\AISmart.GAgent.Telegram.csproj", "{3DBEFD1D-29AF-4A7A-AC6D-6C844BA27241}"
EndProject
Project("{FAE04EC0-301F-11D3-BF4B-00C04F79EFBC}") = "AISmart.GAgent.Pumpfun", "src\AISmart.GAgent.Pumpfun\AISmart.GAgent.Pumpfun.csproj", "{06B4C285-3678-417B-99A5-D471BB70DA83}"
EndProject
Project("{FAE04EC0-301F-11D3-BF4B-00C04F79EFBC}") = "AISmart.AutoGen.Tests", "test\AISmart.AutoGen.Tests\AISmart.AutoGen.Tests.csproj", "{148533FE-CAD9-4F79-872C-3608F36C2E68}"
EndProject
Project("{FAE04EC0-301F-11D3-BF4B-00C04F79EFBC}") = "AISmart.GAgents.Config.Tests", "test\AISmart.GAgents.Config.Tests\AISmart.GAgents.Config.Tests.csproj", "{482AC386-F3A8-4791-A708-414E52A8177A}"
EndProject
Project("{FAE04EC0-301F-11D3-BF4B-00C04F79EFBC}") = "AISmart.GAgent.Autogen", "src\AISmart.GAgent.Autogen\AISmart.GAgent.Autogen.csproj", "{28AC92B6-377F-4A1E-8D08-0352D3AB4663}"
EndProject
Project("{FAE04EC0-301F-11D3-BF4B-00C04F79EFBC}") = "AISmart.SimpleRag", "src\AISmart.SimpleRag\AISmart.SimpleRag.csproj", "{19B3004E-15F6-49A6-804E-1EEA1FE3A30A}"
EndProject
Project("{FAE04EC0-301F-11D3-BF4B-00C04F79EFBC}") = "OrleansTestKit", "test\OrleansTestKit\OrleansTestKit.csproj", "{09CDE043-09EC-4D2A-9112-6F9138455795}"
EndProject
Project("{FAE04EC0-301F-11D3-BF4B-00C04F79EFBC}") = "OrleansTestKit.Tests", "test\OrleansTestKit.Tests\OrleansTestKit.Tests.csproj", "{C09D0934-CD67-47A0-9179-806C05ABFB26}"
EndProject
Project("{FAE04EC0-301F-11D3-BF4B-00C04F79EFBC}") = "AISmart.GAgents.Tests", "test\AISmart.GAgents.Tests\AISmart.GAgents.Tests.csproj", "{BC0E7140-4A81-46BF-9A35-250996F3DC53}"
EndProject
Project("{FAE04EC0-301F-11D3-BF4B-00C04F79EFBC}") = "AISmart.CQRS", "src\AISmart.CQRS\AISmart.CQRS.csproj", "{4808BEAC-3B68-45DB-AED3-FA6D5BB94673}"
EndProject
Project("{FAE04EC0-301F-11D3-BF4B-00C04F79EFBC}") = "AISmart.Rag.Contracts", "src\AISmart.Rag.Contracts\AISmart.Rag.Contracts.csproj", "{ADFE5268-C662-450B-A727-A6CC974FEE15}"
EndProject
Project("{FAE04EC0-301F-11D3-BF4B-00C04F79EFBC}") = "AISmart.GAgent.Config", "src\AISmart.GAgent.Config\AISmart.GAgent.Config.csproj", "{89A0820D-CBB0-4061-A939-F30EF486BA93}"
EndProject
Project("{FAE04EC0-301F-11D3-BF4B-00C04F79EFBC}") = "AISmart.GAgent.Core", "src\AISmart.GAgent.Core\AISmart.GAgent.Core.csproj", "{CFFF8DF8-25AC-48E7-9799-BBFC5C0EA594}"
EndProject
Project("{FAE04EC0-301F-11D3-BF4B-00C04F79EFBC}") = "AISmart.CQRS", "src\AISmart.CQRS\AISmart.CQRS.csproj", "{4808BEAC-3B68-45DB-AED3-FA6D5BB94673}"
EndProject
Project("{FAE04EC0-301F-11D3-BF4B-00C04F79EFBC}") = "AISmart.Cqrs.Tests", "test\AISmart.Cqrs.Tests\AISmart.Cqrs.Tests.csproj", "{2605D902-3B04-4386-9DE7-99FCBC5A4C8A}"
EndProject
Project("{FAE04EC0-301F-11D3-BF4B-00C04F79EFBC}") = "AISmart.AuthServer", "src\AISmart.AuthServer\AISmart.AuthServer.csproj", "{1C434C04-119E-4885-A7EA-1E7C03972805}"
EndProject
Project("{FAE04EC0-301F-11D3-BF4B-00C04F79EFBC}") = "AISmart.Rag.Contracts", "src\AISmart.Rag.Contracts\AISmart.Rag.Contracts.csproj", "{ADFE5268-C662-450B-A727-A6CC974FEE15}"
EndProject
Project("{FAE04EC0-301F-11D3-BF4B-00C04F79EFBC}") = "AISmart.GAgent.MicroAI", "src\AISmart.GAgent.MicroAI\AISmart.GAgent.MicroAI.csproj", "{F8C887E6-77D0-47C2-8B6B-FFB51E094396}"
EndProject
Project("{FAE04EC0-301F-11D3-BF4B-00C04F79EFBC}") = "AiSmart.GAgent.TestAgent", "src\AiSmart.GAgent.TestAgent\AiSmart.GAgent.TestAgent.csproj", "{4EBBE2C2-7C37-4D3F-9F38-916A2758BDD1}"
EndProject
Project("{FAE04EC0-301F-11D3-BF4B-00C04F79EFBC}") = "AISmart.EventSourcing.Core", "src\AISmart.EventSourcing.Core\AISmart.EventSourcing.Core.csproj", "{29300C8F-53C6-4A40-86C4-D321679D5A7C}"
EndProject
Project("{FAE04EC0-301F-11D3-BF4B-00C04F79EFBC}") = "AISmart.EventSourcing.MongoDB", "src\AISmart.EventSourcing.MongoDB\AISmart.EventSourcing.MongoDB.csproj", "{609DECCF-39E8-4182-98CF-51533A9B6156}"
EndProject
Project("{FAE04EC0-301F-11D3-BF4B-00C04F79EFBC}") = "AISmart.Core", "src\AISmart.Core\AISmart.Core.csproj", "{49868FC0-2F38-4EF4-9719-6578CDF9C453}"
EndProject
Project("{FAE04EC0-301F-11D3-BF4B-00C04F79EFBC}") = "AiSmart.GAgent.SocialAgent", "src\AiSmart.GAgent.SocialGAgent\AiSmart.GAgent.SocialAgent.csproj", "{CC99AB12-4463-4386-BF17-CE0E26797E23}"
EndProject
Global
	GlobalSection(SolutionConfigurationPlatforms) = preSolution
		Debug|Any CPU = Debug|Any CPU
		Release|Any CPU = Release|Any CPU
	EndGlobalSection
	GlobalSection(ProjectConfigurationPlatforms) = postSolution
		{554AD327-6DBA-4F8F-96F8-81CE7A0C863F}.Debug|Any CPU.ActiveCfg = Debug|Any CPU
		{554AD327-6DBA-4F8F-96F8-81CE7A0C863F}.Debug|Any CPU.Build.0 = Debug|Any CPU
		{554AD327-6DBA-4F8F-96F8-81CE7A0C863F}.Release|Any CPU.ActiveCfg = Release|Any CPU
		{554AD327-6DBA-4F8F-96F8-81CE7A0C863F}.Release|Any CPU.Build.0 = Release|Any CPU
		{1A94A50E-06DC-43C1-80B5-B662820EC3EB}.Debug|Any CPU.ActiveCfg = Debug|Any CPU
		{1A94A50E-06DC-43C1-80B5-B662820EC3EB}.Debug|Any CPU.Build.0 = Debug|Any CPU
		{1A94A50E-06DC-43C1-80B5-B662820EC3EB}.Release|Any CPU.ActiveCfg = Release|Any CPU
		{1A94A50E-06DC-43C1-80B5-B662820EC3EB}.Release|Any CPU.Build.0 = Release|Any CPU
		{50B2631D-129C-47B3-A587-029CCD6099BC}.Debug|Any CPU.ActiveCfg = Debug|Any CPU
		{50B2631D-129C-47B3-A587-029CCD6099BC}.Debug|Any CPU.Build.0 = Debug|Any CPU
		{50B2631D-129C-47B3-A587-029CCD6099BC}.Release|Any CPU.ActiveCfg = Release|Any CPU
		{50B2631D-129C-47B3-A587-029CCD6099BC}.Release|Any CPU.Build.0 = Release|Any CPU
		{E3444355-D47E-431E-BDD0-DD3A7113B2AE}.Debug|Any CPU.ActiveCfg = Debug|Any CPU
		{E3444355-D47E-431E-BDD0-DD3A7113B2AE}.Debug|Any CPU.Build.0 = Debug|Any CPU
		{E3444355-D47E-431E-BDD0-DD3A7113B2AE}.Release|Any CPU.ActiveCfg = Release|Any CPU
		{E3444355-D47E-431E-BDD0-DD3A7113B2AE}.Release|Any CPU.Build.0 = Release|Any CPU
		{42F719ED-8413-4895-B5B4-5AB56079BC66}.Debug|Any CPU.ActiveCfg = Debug|Any CPU
		{42F719ED-8413-4895-B5B4-5AB56079BC66}.Debug|Any CPU.Build.0 = Debug|Any CPU
		{42F719ED-8413-4895-B5B4-5AB56079BC66}.Release|Any CPU.ActiveCfg = Release|Any CPU
		{42F719ED-8413-4895-B5B4-5AB56079BC66}.Release|Any CPU.Build.0 = Release|Any CPU
		{520659C8-C734-4298-A3DA-B539DB9DFC0B}.Debug|Any CPU.ActiveCfg = Debug|Any CPU
		{520659C8-C734-4298-A3DA-B539DB9DFC0B}.Debug|Any CPU.Build.0 = Debug|Any CPU
		{520659C8-C734-4298-A3DA-B539DB9DFC0B}.Release|Any CPU.ActiveCfg = Release|Any CPU
		{520659C8-C734-4298-A3DA-B539DB9DFC0B}.Release|Any CPU.Build.0 = Release|Any CPU
		{4164BDF7-F527-4E85-9CE6-E3C2D7426A27}.Debug|Any CPU.ActiveCfg = Debug|Any CPU
		{4164BDF7-F527-4E85-9CE6-E3C2D7426A27}.Debug|Any CPU.Build.0 = Debug|Any CPU
		{4164BDF7-F527-4E85-9CE6-E3C2D7426A27}.Release|Any CPU.ActiveCfg = Release|Any CPU
		{4164BDF7-F527-4E85-9CE6-E3C2D7426A27}.Release|Any CPU.Build.0 = Release|Any CPU
		{3B5A0094-670D-4BB1-BFDD-61B88A8773DC}.Debug|Any CPU.ActiveCfg = Debug|Any CPU
		{3B5A0094-670D-4BB1-BFDD-61B88A8773DC}.Debug|Any CPU.Build.0 = Debug|Any CPU
		{3B5A0094-670D-4BB1-BFDD-61B88A8773DC}.Release|Any CPU.ActiveCfg = Release|Any CPU
		{3B5A0094-670D-4BB1-BFDD-61B88A8773DC}.Release|Any CPU.Build.0 = Release|Any CPU
		{91853F21-9CD9-4132-BC29-A7D5D84FFFE7}.Debug|Any CPU.ActiveCfg = Debug|Any CPU
		{91853F21-9CD9-4132-BC29-A7D5D84FFFE7}.Debug|Any CPU.Build.0 = Debug|Any CPU
		{91853F21-9CD9-4132-BC29-A7D5D84FFFE7}.Release|Any CPU.ActiveCfg = Release|Any CPU
		{91853F21-9CD9-4132-BC29-A7D5D84FFFE7}.Release|Any CPU.Build.0 = Release|Any CPU
		{E512F4D9-9375-480F-A2F6-A46509F9D824}.Debug|Any CPU.ActiveCfg = Debug|Any CPU
		{E512F4D9-9375-480F-A2F6-A46509F9D824}.Debug|Any CPU.Build.0 = Debug|Any CPU
		{E512F4D9-9375-480F-A2F6-A46509F9D824}.Release|Any CPU.ActiveCfg = Release|Any CPU
		{E512F4D9-9375-480F-A2F6-A46509F9D824}.Release|Any CPU.Build.0 = Release|Any CPU
		{6015D17B-104B-4EC2-A9B7-D8A40C891458}.Debug|Any CPU.ActiveCfg = Debug|Any CPU
		{6015D17B-104B-4EC2-A9B7-D8A40C891458}.Debug|Any CPU.Build.0 = Debug|Any CPU
		{6015D17B-104B-4EC2-A9B7-D8A40C891458}.Release|Any CPU.ActiveCfg = Release|Any CPU
		{6015D17B-104B-4EC2-A9B7-D8A40C891458}.Release|Any CPU.Build.0 = Release|Any CPU
		{EF480016-9127-4916-8735-D2466BDBC582}.Debug|Any CPU.ActiveCfg = Debug|Any CPU
		{EF480016-9127-4916-8735-D2466BDBC582}.Debug|Any CPU.Build.0 = Debug|Any CPU
		{EF480016-9127-4916-8735-D2466BDBC582}.Release|Any CPU.ActiveCfg = Release|Any CPU
		{EF480016-9127-4916-8735-D2466BDBC582}.Release|Any CPU.Build.0 = Release|Any CPU
		{AA94D832-1CCC-4715-95A9-A483F23A1A5D}.Debug|Any CPU.ActiveCfg = Debug|Any CPU
		{AA94D832-1CCC-4715-95A9-A483F23A1A5D}.Debug|Any CPU.Build.0 = Debug|Any CPU
		{AA94D832-1CCC-4715-95A9-A483F23A1A5D}.Release|Any CPU.ActiveCfg = Release|Any CPU
		{AA94D832-1CCC-4715-95A9-A483F23A1A5D}.Release|Any CPU.Build.0 = Release|Any CPU
		{748584B1-BA69-4F6A-81AA-F4BDE6BCE29D}.Debug|Any CPU.ActiveCfg = Debug|Any CPU
		{748584B1-BA69-4F6A-81AA-F4BDE6BCE29D}.Debug|Any CPU.Build.0 = Debug|Any CPU
		{748584B1-BA69-4F6A-81AA-F4BDE6BCE29D}.Release|Any CPU.ActiveCfg = Release|Any CPU
		{748584B1-BA69-4F6A-81AA-F4BDE6BCE29D}.Release|Any CPU.Build.0 = Release|Any CPU
		{613D08BD-1756-4862-BB11-9A06E5A11134}.Debug|Any CPU.ActiveCfg = Debug|Any CPU
		{613D08BD-1756-4862-BB11-9A06E5A11134}.Debug|Any CPU.Build.0 = Debug|Any CPU
		{613D08BD-1756-4862-BB11-9A06E5A11134}.Release|Any CPU.ActiveCfg = Release|Any CPU
		{613D08BD-1756-4862-BB11-9A06E5A11134}.Release|Any CPU.Build.0 = Release|Any CPU
		{D4AC2F60-6A39-45F8-B21E-5DA2DA4596AF}.Debug|Any CPU.ActiveCfg = Debug|Any CPU
		{D4AC2F60-6A39-45F8-B21E-5DA2DA4596AF}.Debug|Any CPU.Build.0 = Debug|Any CPU
		{D4AC2F60-6A39-45F8-B21E-5DA2DA4596AF}.Release|Any CPU.ActiveCfg = Release|Any CPU
		{D4AC2F60-6A39-45F8-B21E-5DA2DA4596AF}.Release|Any CPU.Build.0 = Release|Any CPU
		{3B9806E6-3F8B-4200-B2A2-52DCE698D334}.Debug|Any CPU.ActiveCfg = Debug|Any CPU
		{3B9806E6-3F8B-4200-B2A2-52DCE698D334}.Debug|Any CPU.Build.0 = Debug|Any CPU
		{3B9806E6-3F8B-4200-B2A2-52DCE698D334}.Release|Any CPU.ActiveCfg = Release|Any CPU
		{3B9806E6-3F8B-4200-B2A2-52DCE698D334}.Release|Any CPU.Build.0 = Release|Any CPU
		{B2E02009-1254-4098-AB30-40682ECB80FF}.Debug|Any CPU.ActiveCfg = Debug|Any CPU
		{B2E02009-1254-4098-AB30-40682ECB80FF}.Debug|Any CPU.Build.0 = Debug|Any CPU
		{B2E02009-1254-4098-AB30-40682ECB80FF}.Release|Any CPU.ActiveCfg = Release|Any CPU
		{B2E02009-1254-4098-AB30-40682ECB80FF}.Release|Any CPU.Build.0 = Release|Any CPU
		{3C0B0690-0E0F-464E-ACEF-FE46D2ADA54F}.Debug|Any CPU.ActiveCfg = Debug|Any CPU
		{3C0B0690-0E0F-464E-ACEF-FE46D2ADA54F}.Debug|Any CPU.Build.0 = Debug|Any CPU
		{3C0B0690-0E0F-464E-ACEF-FE46D2ADA54F}.Release|Any CPU.ActiveCfg = Release|Any CPU
		{3C0B0690-0E0F-464E-ACEF-FE46D2ADA54F}.Release|Any CPU.Build.0 = Release|Any CPU
		{DF51070F-0462-44B6-8A50-3270FBAAC230}.Debug|Any CPU.ActiveCfg = Debug|Any CPU
		{DF51070F-0462-44B6-8A50-3270FBAAC230}.Debug|Any CPU.Build.0 = Debug|Any CPU
		{DF51070F-0462-44B6-8A50-3270FBAAC230}.Release|Any CPU.ActiveCfg = Release|Any CPU
		{DF51070F-0462-44B6-8A50-3270FBAAC230}.Release|Any CPU.Build.0 = Release|Any CPU
		{FC90D79E-F03C-49F0-98DC-9AF61DA1BE19}.Debug|Any CPU.ActiveCfg = Debug|Any CPU
		{FC90D79E-F03C-49F0-98DC-9AF61DA1BE19}.Debug|Any CPU.Build.0 = Debug|Any CPU
		{FC90D79E-F03C-49F0-98DC-9AF61DA1BE19}.Release|Any CPU.ActiveCfg = Release|Any CPU
		{FC90D79E-F03C-49F0-98DC-9AF61DA1BE19}.Release|Any CPU.Build.0 = Release|Any CPU
		{3DBEFD1D-29AF-4A7A-AC6D-6C844BA27241}.Debug|Any CPU.ActiveCfg = Debug|Any CPU
		{3DBEFD1D-29AF-4A7A-AC6D-6C844BA27241}.Debug|Any CPU.Build.0 = Debug|Any CPU
		{3DBEFD1D-29AF-4A7A-AC6D-6C844BA27241}.Release|Any CPU.ActiveCfg = Release|Any CPU
		{3DBEFD1D-29AF-4A7A-AC6D-6C844BA27241}.Release|Any CPU.Build.0 = Release|Any CPU
		{06B4C285-3678-417B-99A5-D471BB70DA83}.Debug|Any CPU.ActiveCfg = Debug|Any CPU
		{06B4C285-3678-417B-99A5-D471BB70DA83}.Debug|Any CPU.Build.0 = Debug|Any CPU
		{06B4C285-3678-417B-99A5-D471BB70DA83}.Release|Any CPU.ActiveCfg = Release|Any CPU
		{06B4C285-3678-417B-99A5-D471BB70DA83}.Release|Any CPU.Build.0 = Release|Any CPU
		{148533FE-CAD9-4F79-872C-3608F36C2E68}.Debug|Any CPU.ActiveCfg = Debug|Any CPU
		{148533FE-CAD9-4F79-872C-3608F36C2E68}.Debug|Any CPU.Build.0 = Debug|Any CPU
		{148533FE-CAD9-4F79-872C-3608F36C2E68}.Release|Any CPU.ActiveCfg = Release|Any CPU
		{148533FE-CAD9-4F79-872C-3608F36C2E68}.Release|Any CPU.Build.0 = Release|Any CPU
		{482AC386-F3A8-4791-A708-414E52A8177A}.Debug|Any CPU.ActiveCfg = Debug|Any CPU
		{482AC386-F3A8-4791-A708-414E52A8177A}.Debug|Any CPU.Build.0 = Debug|Any CPU
		{482AC386-F3A8-4791-A708-414E52A8177A}.Release|Any CPU.ActiveCfg = Release|Any CPU
		{482AC386-F3A8-4791-A708-414E52A8177A}.Release|Any CPU.Build.0 = Release|Any CPU
		{28AC92B6-377F-4A1E-8D08-0352D3AB4663}.Debug|Any CPU.ActiveCfg = Debug|Any CPU
		{28AC92B6-377F-4A1E-8D08-0352D3AB4663}.Debug|Any CPU.Build.0 = Debug|Any CPU
		{28AC92B6-377F-4A1E-8D08-0352D3AB4663}.Release|Any CPU.ActiveCfg = Release|Any CPU
		{28AC92B6-377F-4A1E-8D08-0352D3AB4663}.Release|Any CPU.Build.0 = Release|Any CPU
		{19B3004E-15F6-49A6-804E-1EEA1FE3A30A}.Debug|Any CPU.ActiveCfg = Debug|Any CPU
		{19B3004E-15F6-49A6-804E-1EEA1FE3A30A}.Debug|Any CPU.Build.0 = Debug|Any CPU
		{19B3004E-15F6-49A6-804E-1EEA1FE3A30A}.Release|Any CPU.ActiveCfg = Release|Any CPU
		{19B3004E-15F6-49A6-804E-1EEA1FE3A30A}.Release|Any CPU.Build.0 = Release|Any CPU
		{09CDE043-09EC-4D2A-9112-6F9138455795}.Debug|Any CPU.ActiveCfg = Debug|Any CPU
		{09CDE043-09EC-4D2A-9112-6F9138455795}.Debug|Any CPU.Build.0 = Debug|Any CPU
		{09CDE043-09EC-4D2A-9112-6F9138455795}.Release|Any CPU.ActiveCfg = Release|Any CPU
		{09CDE043-09EC-4D2A-9112-6F9138455795}.Release|Any CPU.Build.0 = Release|Any CPU
		{C09D0934-CD67-47A0-9179-806C05ABFB26}.Debug|Any CPU.ActiveCfg = Debug|Any CPU
		{C09D0934-CD67-47A0-9179-806C05ABFB26}.Debug|Any CPU.Build.0 = Debug|Any CPU
		{C09D0934-CD67-47A0-9179-806C05ABFB26}.Release|Any CPU.ActiveCfg = Release|Any CPU
		{C09D0934-CD67-47A0-9179-806C05ABFB26}.Release|Any CPU.Build.0 = Release|Any CPU
		{BC0E7140-4A81-46BF-9A35-250996F3DC53}.Debug|Any CPU.ActiveCfg = Debug|Any CPU
		{BC0E7140-4A81-46BF-9A35-250996F3DC53}.Debug|Any CPU.Build.0 = Debug|Any CPU
		{BC0E7140-4A81-46BF-9A35-250996F3DC53}.Release|Any CPU.ActiveCfg = Release|Any CPU
		{BC0E7140-4A81-46BF-9A35-250996F3DC53}.Release|Any CPU.Build.0 = Release|Any CPU
		{4808BEAC-3B68-45DB-AED3-FA6D5BB94673}.Debug|Any CPU.ActiveCfg = Debug|Any CPU
		{4808BEAC-3B68-45DB-AED3-FA6D5BB94673}.Debug|Any CPU.Build.0 = Debug|Any CPU
		{4808BEAC-3B68-45DB-AED3-FA6D5BB94673}.Release|Any CPU.ActiveCfg = Release|Any CPU
		{4808BEAC-3B68-45DB-AED3-FA6D5BB94673}.Release|Any CPU.Build.0 = Release|Any CPU
		{1C434C04-119E-4885-A7EA-1E7C03972805}.Debug|Any CPU.ActiveCfg = Debug|Any CPU
		{1C434C04-119E-4885-A7EA-1E7C03972805}.Debug|Any CPU.Build.0 = Debug|Any CPU
		{1C434C04-119E-4885-A7EA-1E7C03972805}.Release|Any CPU.ActiveCfg = Release|Any CPU
		{1C434C04-119E-4885-A7EA-1E7C03972805}.Release|Any CPU.Build.0 = Release|Any CPU
		{CFFF8DF8-25AC-48E7-9799-BBFC5C0EA594}.Debug|Any CPU.ActiveCfg = Debug|Any CPU
		{CFFF8DF8-25AC-48E7-9799-BBFC5C0EA594}.Debug|Any CPU.Build.0 = Debug|Any CPU
		{CFFF8DF8-25AC-48E7-9799-BBFC5C0EA594}.Release|Any CPU.ActiveCfg = Release|Any CPU
		{CFFF8DF8-25AC-48E7-9799-BBFC5C0EA594}.Release|Any CPU.Build.0 = Release|Any CPU
		{ADFE5268-C662-450B-A727-A6CC974FEE15}.Debug|Any CPU.ActiveCfg = Debug|Any CPU
		{ADFE5268-C662-450B-A727-A6CC974FEE15}.Debug|Any CPU.Build.0 = Debug|Any CPU
		{ADFE5268-C662-450B-A727-A6CC974FEE15}.Release|Any CPU.ActiveCfg = Release|Any CPU
		{ADFE5268-C662-450B-A727-A6CC974FEE15}.Release|Any CPU.Build.0 = Release|Any CPU
		{89A0820D-CBB0-4061-A939-F30EF486BA93}.Debug|Any CPU.ActiveCfg = Debug|Any CPU
		{89A0820D-CBB0-4061-A939-F30EF486BA93}.Debug|Any CPU.Build.0 = Debug|Any CPU
		{89A0820D-CBB0-4061-A939-F30EF486BA93}.Release|Any CPU.ActiveCfg = Release|Any CPU
		{89A0820D-CBB0-4061-A939-F30EF486BA93}.Release|Any CPU.Build.0 = Release|Any CPU
		{F8C887E6-77D0-47C2-8B6B-FFB51E094396}.Debug|Any CPU.ActiveCfg = Debug|Any CPU
		{F8C887E6-77D0-47C2-8B6B-FFB51E094396}.Debug|Any CPU.Build.0 = Debug|Any CPU
		{F8C887E6-77D0-47C2-8B6B-FFB51E094396}.Release|Any CPU.ActiveCfg = Release|Any CPU
		{F8C887E6-77D0-47C2-8B6B-FFB51E094396}.Release|Any CPU.Build.0 = Release|Any CPU
		{4EBBE2C2-7C37-4D3F-9F38-916A2758BDD1}.Debug|Any CPU.ActiveCfg = Debug|Any CPU
		{4EBBE2C2-7C37-4D3F-9F38-916A2758BDD1}.Debug|Any CPU.Build.0 = Debug|Any CPU
		{4EBBE2C2-7C37-4D3F-9F38-916A2758BDD1}.Release|Any CPU.ActiveCfg = Release|Any CPU
		{4EBBE2C2-7C37-4D3F-9F38-916A2758BDD1}.Release|Any CPU.Build.0 = Release|Any CPU
		{4808BEAC-3B68-45DB-AED3-FA6D5BB94673}.Debug|Any CPU.ActiveCfg = Debug|Any CPU
		{4808BEAC-3B68-45DB-AED3-FA6D5BB94673}.Debug|Any CPU.Build.0 = Debug|Any CPU
		{4808BEAC-3B68-45DB-AED3-FA6D5BB94673}.Release|Any CPU.ActiveCfg = Release|Any CPU
		{4808BEAC-3B68-45DB-AED3-FA6D5BB94673}.Release|Any CPU.Build.0 = Release|Any CPU
		{2605D902-3B04-4386-9DE7-99FCBC5A4C8A}.Debug|Any CPU.ActiveCfg = Debug|Any CPU
		{2605D902-3B04-4386-9DE7-99FCBC5A4C8A}.Debug|Any CPU.Build.0 = Debug|Any CPU
		{2605D902-3B04-4386-9DE7-99FCBC5A4C8A}.Release|Any CPU.ActiveCfg = Release|Any CPU
		{2605D902-3B04-4386-9DE7-99FCBC5A4C8A}.Release|Any CPU.Build.0 = Release|Any CPU
		{29300C8F-53C6-4A40-86C4-D321679D5A7C}.Debug|Any CPU.ActiveCfg = Debug|Any CPU
		{29300C8F-53C6-4A40-86C4-D321679D5A7C}.Debug|Any CPU.Build.0 = Debug|Any CPU
		{29300C8F-53C6-4A40-86C4-D321679D5A7C}.Release|Any CPU.ActiveCfg = Release|Any CPU
		{29300C8F-53C6-4A40-86C4-D321679D5A7C}.Release|Any CPU.Build.0 = Release|Any CPU
		{609DECCF-39E8-4182-98CF-51533A9B6156}.Debug|Any CPU.ActiveCfg = Debug|Any CPU
		{609DECCF-39E8-4182-98CF-51533A9B6156}.Debug|Any CPU.Build.0 = Debug|Any CPU
		{609DECCF-39E8-4182-98CF-51533A9B6156}.Release|Any CPU.ActiveCfg = Release|Any CPU
		{609DECCF-39E8-4182-98CF-51533A9B6156}.Release|Any CPU.Build.0 = Release|Any CPU
		{49868FC0-2F38-4EF4-9719-6578CDF9C453}.Debug|Any CPU.ActiveCfg = Debug|Any CPU
		{49868FC0-2F38-4EF4-9719-6578CDF9C453}.Debug|Any CPU.Build.0 = Debug|Any CPU
		{49868FC0-2F38-4EF4-9719-6578CDF9C453}.Release|Any CPU.ActiveCfg = Release|Any CPU
		{49868FC0-2F38-4EF4-9719-6578CDF9C453}.Release|Any CPU.Build.0 = Release|Any CPU
		{CC99AB12-4463-4386-BF17-CE0E26797E23}.Debug|Any CPU.ActiveCfg = Debug|Any CPU
		{CC99AB12-4463-4386-BF17-CE0E26797E23}.Debug|Any CPU.Build.0 = Debug|Any CPU
		{CC99AB12-4463-4386-BF17-CE0E26797E23}.Release|Any CPU.ActiveCfg = Release|Any CPU
		{CC99AB12-4463-4386-BF17-CE0E26797E23}.Release|Any CPU.Build.0 = Release|Any CPU
	EndGlobalSection
	GlobalSection(SolutionProperties) = preSolution
		HideSolutionNode = FALSE
	EndGlobalSection
	GlobalSection(NestedProjects) = preSolution
		{554AD327-6DBA-4F8F-96F8-81CE7A0C863F} = {CA9AC87F-097E-4F15-8393-4BC07735A5B0}
		{1A94A50E-06DC-43C1-80B5-B662820EC3EB} = {CA9AC87F-097E-4F15-8393-4BC07735A5B0}
		{50B2631D-129C-47B3-A587-029CCD6099BC} = {04DBDB01-70F4-4E06-B468-8F87850B22BE}
		{E3444355-D47E-431E-BDD0-DD3A7113B2AE} = {CA9AC87F-097E-4F15-8393-4BC07735A5B0}
		{42F719ED-8413-4895-B5B4-5AB56079BC66} = {CA9AC87F-097E-4F15-8393-4BC07735A5B0}
		{520659C8-C734-4298-A3DA-B539DB9DFC0B} = {CA9AC87F-097E-4F15-8393-4BC07735A5B0}
		{4164BDF7-F527-4E85-9CE6-E3C2D7426A27} = {CA9AC87F-097E-4F15-8393-4BC07735A5B0}
		{3B5A0094-670D-4BB1-BFDD-61B88A8773DC} = {CA9AC87F-097E-4F15-8393-4BC07735A5B0}
		{91853F21-9CD9-4132-BC29-A7D5D84FFFE7} = {04DBDB01-70F4-4E06-B468-8F87850B22BE}
		{E512F4D9-9375-480F-A2F6-A46509F9D824} = {04DBDB01-70F4-4E06-B468-8F87850B22BE}
		{6015D17B-104B-4EC2-A9B7-D8A40C891458} = {04DBDB01-70F4-4E06-B468-8F87850B22BE}
		{EF480016-9127-4916-8735-D2466BDBC582} = {04DBDB01-70F4-4E06-B468-8F87850B22BE}
		{AA94D832-1CCC-4715-95A9-A483F23A1A5D} = {CA9AC87F-097E-4F15-8393-4BC07735A5B0}
		{748584B1-BA69-4F6A-81AA-F4BDE6BCE29D} = {CA9AC87F-097E-4F15-8393-4BC07735A5B0}
		{613D08BD-1756-4862-BB11-9A06E5A11134} = {CA9AC87F-097E-4F15-8393-4BC07735A5B0}
		{D4AC2F60-6A39-45F8-B21E-5DA2DA4596AF} = {CA9AC87F-097E-4F15-8393-4BC07735A5B0}
		{3B9806E6-3F8B-4200-B2A2-52DCE698D334} = {CA9AC87F-097E-4F15-8393-4BC07735A5B0}
		{B2E02009-1254-4098-AB30-40682ECB80FF} = {CA9AC87F-097E-4F15-8393-4BC07735A5B0}
		{3C0B0690-0E0F-464E-ACEF-FE46D2ADA54F} = {04DBDB01-70F4-4E06-B468-8F87850B22BE}
		{DF51070F-0462-44B6-8A50-3270FBAAC230} = {CA9AC87F-097E-4F15-8393-4BC07735A5B0}
		{FC90D79E-F03C-49F0-98DC-9AF61DA1BE19} = {CA9AC87F-097E-4F15-8393-4BC07735A5B0}
		{3DBEFD1D-29AF-4A7A-AC6D-6C844BA27241} = {CA9AC87F-097E-4F15-8393-4BC07735A5B0}
		{06B4C285-3678-417B-99A5-D471BB70DA83} = {CA9AC87F-097E-4F15-8393-4BC07735A5B0}
		{148533FE-CAD9-4F79-872C-3608F36C2E68} = {04DBDB01-70F4-4E06-B468-8F87850B22BE}
		{28AC92B6-377F-4A1E-8D08-0352D3AB4663} = {CA9AC87F-097E-4F15-8393-4BC07735A5B0}
		{19B3004E-15F6-49A6-804E-1EEA1FE3A30A} = {CA9AC87F-097E-4F15-8393-4BC07735A5B0}
		{09CDE043-09EC-4D2A-9112-6F9138455795} = {04DBDB01-70F4-4E06-B468-8F87850B22BE}
		{C09D0934-CD67-47A0-9179-806C05ABFB26} = {04DBDB01-70F4-4E06-B468-8F87850B22BE}
		{BC0E7140-4A81-46BF-9A35-250996F3DC53} = {04DBDB01-70F4-4E06-B468-8F87850B22BE}
		{CFFF8DF8-25AC-48E7-9799-BBFC5C0EA594} = {CA9AC87F-097E-4F15-8393-4BC07735A5B0}
		{ADFE5268-C662-450B-A727-A6CC974FEE15} = {CA9AC87F-097E-4F15-8393-4BC07735A5B0}
		{F8C887E6-77D0-47C2-8B6B-FFB51E094396} = {CA9AC87F-097E-4F15-8393-4BC07735A5B0}
		{4EBBE2C2-7C37-4D3F-9F38-916A2758BDD1} = {CA9AC87F-097E-4F15-8393-4BC07735A5B0}
		{1C434C04-119E-4885-A7EA-1E7C03972805} = {CA9AC87F-097E-4F15-8393-4BC07735A5B0}
		{4808BEAC-3B68-45DB-AED3-FA6D5BB94673} = {CA9AC87F-097E-4F15-8393-4BC07735A5B0}
		{2605D902-3B04-4386-9DE7-99FCBC5A4C8A} = {04DBDB01-70F4-4E06-B468-8F87850B22BE}
		{4808BEAC-3B68-45DB-AED3-FA6D5BB94673} = {CA9AC87F-097E-4F15-8393-4BC07735A5B0}
		{ADFE5268-C662-450B-A727-A6CC974FEE15} = {CA9AC87F-097E-4F15-8393-4BC07735A5B0}
		{29300C8F-53C6-4A40-86C4-D321679D5A7C} = {CA9AC87F-097E-4F15-8393-4BC07735A5B0}
		{609DECCF-39E8-4182-98CF-51533A9B6156} = {CA9AC87F-097E-4F15-8393-4BC07735A5B0}
		{49868FC0-2F38-4EF4-9719-6578CDF9C453} = {CA9AC87F-097E-4F15-8393-4BC07735A5B0}
		{CC99AB12-4463-4386-BF17-CE0E26797E23} = {CA9AC87F-097E-4F15-8393-4BC07735A5B0}
		{482AC386-F3A8-4791-A708-414E52A8177A} = {04DBDB01-70F4-4E06-B468-8F87850B22BE}
		{89A0820D-CBB0-4061-A939-F30EF486BA93} = {CA9AC87F-097E-4F15-8393-4BC07735A5B0}
	EndGlobalSection
	GlobalSection(ExtensibilityGlobals) = postSolution
		SolutionGuid = {28315BFD-90E7-4E14-A2EA-F3D23AF4126F}
	EndGlobalSection
EndGlobal
